// !$*UTF8*$!
{
	archiveVersion = 1;
	classes = {
	};
	objectVersion = 46;
	objects = {

/* Begin PBXBuildFile section */
		1833CC141AADA6C800B57C0B /* File in Resources */ = {isa = PBXBuildFile; fileRef = 1833CC131AADA6C800B57C0B /* File */; };
		183A30871A5EA7530094A61F /* main.m in Sources */ = {isa = PBXBuildFile; fileRef = 183A30861A5EA7530094A61F /* main.m */; };
		183A308A1A5EA7530094A61F /* AppDelegate.m in Sources */ = {isa = PBXBuildFile; fileRef = 183A30891A5EA7530094A61F /* AppDelegate.m */; };
		183A308D1A5EA7530094A61F /* ViewController.m in Sources */ = {isa = PBXBuildFile; fileRef = 183A308C1A5EA7530094A61F /* ViewController.m */; };
		183A30901A5EA7530094A61F /* Main.storyboard in Resources */ = {isa = PBXBuildFile; fileRef = 183A308E1A5EA7530094A61F /* Main.storyboard */; };
		183A30921A5EA7530094A61F /* Images.xcassets in Resources */ = {isa = PBXBuildFile; fileRef = 183A30911A5EA7530094A61F /* Images.xcassets */; };
		183A30951A5EA7530094A61F /* LaunchScreen.xib in Resources */ = {isa = PBXBuildFile; fileRef = 183A30931A5EA7530094A61F /* LaunchScreen.xib */; };
		183A30A11A5EA7530094A61F /* BlcokDemoTests.m in Sources */ = {isa = PBXBuildFile; fileRef = 183A30A01A5EA7530094A61F /* BlcokDemoTests.m */; };
		186092861AA0433700FC5307 /* MyButton.m in Sources */ = {isa = PBXBuildFile; fileRef = 186092851AA0433700FC5307 /* MyButton.m */; };
		186092891AA0498200FC5307 /* BaseViewController.m in Sources */ = {isa = PBXBuildFile; fileRef = 186092881AA0498200FC5307 /* BaseViewController.m */; };
/* End PBXBuildFile section */

/* Begin PBXContainerItemProxy section */
		183A309B1A5EA7530094A61F /* PBXContainerItemProxy */ = {
			isa = PBXContainerItemProxy;
			containerPortal = 183A30791A5EA7530094A61F /* Project object */;
			proxyType = 1;
			remoteGlobalIDString = 183A30801A5EA7530094A61F;
			remoteInfo = BlcokDemo;
		};
/* End PBXContainerItemProxy section */

/* Begin PBXFileReference section */
		1833CC131AADA6C800B57C0B /* File */ = {isa = PBXFileReference; fileEncoding = 4; lastKnownFileType = text; path = File; sourceTree = "<group>"; };
		183A30811A5EA7530094A61F /* BlcokDemo.app */ = {isa = PBXFileReference; explicitFileType = wrapper.application; includeInIndex = 0; path = BlcokDemo.app; sourceTree = BUILT_PRODUCTS_DIR; };
		183A30851A5EA7530094A61F /* Info.plist */ = {isa = PBXFileReference; lastKnownFileType = text.plist.xml; path = Info.plist; sourceTree = "<group>"; };
		183A30861A5EA7530094A61F /* main.m */ = {isa = PBXFileReference; lastKnownFileType = sourcecode.c.objc; path = main.m; sourceTree = "<group>"; };
		183A30881A5EA7530094A61F /* AppDelegate.h */ = {isa = PBXFileReference; lastKnownFileType = sourcecode.c.h; path = AppDelegate.h; sourceTree = "<group>"; };
		183A30891A5EA7530094A61F /* AppDelegate.m */ = {isa = PBXFileReference; lastKnownFileType = sourcecode.c.objc; path = AppDelegate.m; sourceTree = "<group>"; };
		183A308B1A5EA7530094A61F /* ViewController.h */ = {isa = PBXFileReference; lastKnownFileType = sourcecode.c.h; path = ViewController.h; sourceTree = "<group>"; };
		183A308C1A5EA7530094A61F /* ViewController.m */ = {isa = PBXFileReference; lastKnownFileType = sourcecode.c.objc; path = ViewController.m; sourceTree = "<group>"; };
		183A308F1A5EA7530094A61F /* Base */ = {isa = PBXFileReference; lastKnownFileType = file.storyboard; name = Base; path = Base.lproj/Main.storyboard; sourceTree = "<group>"; };
		183A30911A5EA7530094A61F /* Images.xcassets */ = {isa = PBXFileReference; lastKnownFileType = folder.assetcatalog; path = Images.xcassets; sourceTree = "<group>"; };
		183A30941A5EA7530094A61F /* Base */ = {isa = PBXFileReference; lastKnownFileType = file.xib; name = Base; path = Base.lproj/LaunchScreen.xib; sourceTree = "<group>"; };
		183A309A1A5EA7530094A61F /* BlcokDemoTests.xctest */ = {isa = PBXFileReference; explicitFileType = wrapper.cfbundle; includeInIndex = 0; path = BlcokDemoTests.xctest; sourceTree = BUILT_PRODUCTS_DIR; };
		183A309F1A5EA7530094A61F /* Info.plist */ = {isa = PBXFileReference; lastKnownFileType = text.plist.xml; path = Info.plist; sourceTree = "<group>"; };
		183A30A01A5EA7530094A61F /* BlcokDemoTests.m */ = {isa = PBXFileReference; lastKnownFileType = sourcecode.c.objc; path = BlcokDemoTests.m; sourceTree = "<group>"; };
		186092841AA0433700FC5307 /* MyButton.h */ = {isa = PBXFileReference; fileEncoding = 4; lastKnownFileType = sourcecode.c.h; path = MyButton.h; sourceTree = "<group>"; };
		186092851AA0433700FC5307 /* MyButton.m */ = {isa = PBXFileReference; fileEncoding = 4; lastKnownFileType = sourcecode.c.objc; path = MyButton.m; sourceTree = "<group>"; };
		186092871AA0498200FC5307 /* BaseViewController.h */ = {isa = PBXFileReference; fileEncoding = 4; lastKnownFileType = sourcecode.c.h; path = BaseViewController.h; sourceTree = "<group>"; };
		186092881AA0498200FC5307 /* BaseViewController.m */ = {isa = PBXFileReference; fileEncoding = 4; lastKnownFileType = sourcecode.c.objc; path = BaseViewController.m; sourceTree = "<group>"; };
/* End PBXFileReference section */

/* Begin PBXFrameworksBuildPhase section */
		183A307E1A5EA7530094A61F /* Frameworks */ = {
			isa = PBXFrameworksBuildPhase;
			buildActionMask = 2147483647;
			files = (
			);
			runOnlyForDeploymentPostprocessing = 0;
		};
		183A30971A5EA7530094A61F /* Frameworks */ = {
			isa = PBXFrameworksBuildPhase;
			buildActionMask = 2147483647;
			files = (
			);
			runOnlyForDeploymentPostprocessing = 0;
		};
/* End PBXFrameworksBuildPhase section */

/* Begin PBXGroup section */
		183A30781A5EA7530094A61F = {
			isa = PBXGroup;
			children = (
				183A30831A5EA7530094A61F /* BlcokDemo */,
				183A309D1A5EA7530094A61F /* BlcokDemoTests */,
				183A30821A5EA7530094A61F /* Products */,
			);
			sourceTree = "<group>";
		};
		183A30821A5EA7530094A61F /* Products */ = {
			isa = PBXGroup;
			children = (
				183A30811A5EA7530094A61F /* BlcokDemo.app */,
				183A309A1A5EA7530094A61F /* BlcokDemoTests.xctest */,
			);
			name = Products;
			sourceTree = "<group>";
		};
		183A30831A5EA7530094A61F /* BlcokDemo */ = {
			isa = PBXGroup;
			children = (
				183A30881A5EA7530094A61F /* AppDelegate.h */,
				183A30891A5EA7530094A61F /* AppDelegate.m */,
				183A308B1A5EA7530094A61F /* ViewController.h */,
				183A308C1A5EA7530094A61F /* ViewController.m */,
				186092871AA0498200FC5307 /* BaseViewController.h */,
				186092881AA0498200FC5307 /* BaseViewController.m */,
				186092841AA0433700FC5307 /* MyButton.h */,
				186092851AA0433700FC5307 /* MyButton.m */,
				1833CC131AADA6C800B57C0B /* File */,
				183A308E1A5EA7530094A61F /* Main.storyboard */,
				183A30911A5EA7530094A61F /* Images.xcassets */,
				183A30931A5EA7530094A61F /* LaunchScreen.xib */,
				183A30841A5EA7530094A61F /* Supporting Files */,
			);
			path = BlcokDemo;
			sourceTree = "<group>";
		};
		183A30841A5EA7530094A61F /* Supporting Files */ = {
			isa = PBXGroup;
			children = (
				183A30851A5EA7530094A61F /* Info.plist */,
				183A30861A5EA7530094A61F /* main.m */,
			);
			name = "Supporting Files";
			sourceTree = "<group>";
		};
		183A309D1A5EA7530094A61F /* BlcokDemoTests */ = {
			isa = PBXGroup;
			children = (
				183A30A01A5EA7530094A61F /* BlcokDemoTests.m */,
				183A309E1A5EA7530094A61F /* Supporting Files */,
			);
			path = BlcokDemoTests;
			sourceTree = "<group>";
		};
		183A309E1A5EA7530094A61F /* Supporting Files */ = {
			isa = PBXGroup;
			children = (
				183A309F1A5EA7530094A61F /* Info.plist */,
			);
			name = "Supporting Files";
			sourceTree = "<group>";
		};
/* End PBXGroup section */

/* Begin PBXNativeTarget section */
		183A30801A5EA7530094A61F /* BlcokDemo */ = {
			isa = PBXNativeTarget;
			buildConfigurationList = 183A30A41A5EA7530094A61F /* Build configuration list for PBXNativeTarget "BlcokDemo" */;
			buildPhases = (
				183A307D1A5EA7530094A61F /* Sources */,
				183A307E1A5EA7530094A61F /* Frameworks */,
				183A307F1A5EA7530094A61F /* Resources */,
			);
			buildRules = (
			);
			dependencies = (
			);
			name = BlcokDemo;
			productName = BlcokDemo;
			productReference = 183A30811A5EA7530094A61F /* BlcokDemo.app */;
			productType = "com.apple.product-type.application";
		};
		183A30991A5EA7530094A61F /* BlcokDemoTests */ = {
			isa = PBXNativeTarget;
			buildConfigurationList = 183A30A71A5EA7530094A61F /* Build configuration list for PBXNativeTarget "BlcokDemoTests" */;
			buildPhases = (
				183A30961A5EA7530094A61F /* Sources */,
				183A30971A5EA7530094A61F /* Frameworks */,
				183A30981A5EA7530094A61F /* Resources */,
			);
			buildRules = (
			);
			dependencies = (
				183A309C1A5EA7530094A61F /* PBXTargetDependency */,
			);
			name = BlcokDemoTests;
			productName = BlcokDemoTests;
			productReference = 183A309A1A5EA7530094A61F /* BlcokDemoTests.xctest */;
			productType = "com.apple.product-type.bundle.unit-test";
		};
/* End PBXNativeTarget section */

/* Begin PBXProject section */
		183A30791A5EA7530094A61F /* Project object */ = {
			isa = PBXProject;
			attributes = {
				LastUpgradeCheck = 0600;
				ORGANIZATIONNAME = leichunxiang;
				TargetAttributes = {
					183A30801A5EA7530094A61F = {
						CreatedOnToolsVersion = 6.0.1;
					};
					183A30991A5EA7530094A61F = {
						CreatedOnToolsVersion = 6.0.1;
						TestTargetID = 183A30801A5EA7530094A61F;
					};
				};
			};
			buildConfigurationList = 183A307C1A5EA7530094A61F /* Build configuration list for PBXProject "BlcokDemo" */;
			compatibilityVersion = "Xcode 3.2";
			developmentRegion = English;
			hasScannedForEncodings = 0;
			knownRegions = (
				en,
				Base,
			);
			mainGroup = 183A30781A5EA7530094A61F;
			productRefGroup = 183A30821A5EA7530094A61F /* Products */;
			projectDirPath = "";
			projectRoot = "";
			targets = (
				183A30801A5EA7530094A61F /* BlcokDemo */,
				183A30991A5EA7530094A61F /* BlcokDemoTests */,
			);
		};
/* End PBXProject section */

/* Begin PBXResourcesBuildPhase section */
		183A307F1A5EA7530094A61F /* Resources */ = {
			isa = PBXResourcesBuildPhase;
			buildActionMask = 2147483647;
			files = (
				1833CC141AADA6C800B57C0B /* File in Resources */,
				183A30901A5EA7530094A61F /* Main.storyboard in Resources */,
				183A30951A5EA7530094A61F /* LaunchScreen.xib in Resources */,
				183A30921A5EA7530094A61F /* Images.xcassets in Resources */,
			);
			runOnlyForDeploymentPostprocessing = 0;
		};
		183A30981A5EA7530094A61F /* Resources */ = {
			isa = PBXResourcesBuildPhase;
			buildActionMask = 2147483647;
			files = (
			);
			runOnlyForDeploymentPostprocessing = 0;
		};
/* End PBXResourcesBuildPhase section */

/* Begin PBXSourcesBuildPhase section */
		183A307D1A5EA7530094A61F /* Sources */ = {
			isa = PBXSourcesBuildPhase;
			buildActionMask = 2147483647;
			files = (
				183A308D1A5EA7530094A61F /* ViewController.m in Sources */,
				186092891AA0498200FC5307 /* BaseViewController.m in Sources */,
				183A308A1A5EA7530094A61F /* AppDelegate.m in Sources */,
				183A30871A5EA7530094A61F /* main.m in Sources */,
				186092861AA0433700FC5307 /* MyButton.m in Sources */,
			);
			runOnlyForDeploymentPostprocessing = 0;
		};
		183A30961A5EA7530094A61F /* Sources */ = {
			isa = PBXSourcesBuildPhase;
			buildActionMask = 2147483647;
			files = (
				183A30A11A5EA7530094A61F /* BlcokDemoTests.m in Sources */,
			);
			runOnlyForDeploymentPostprocessing = 0;
		};
/* End PBXSourcesBuildPhase section */

/* Begin PBXTargetDependency section */
		183A309C1A5EA7530094A61F /* PBXTargetDependency */ = {
			isa = PBXTargetDependency;
			target = 183A30801A5EA7530094A61F /* BlcokDemo */;
			targetProxy = 183A309B1A5EA7530094A61F /* PBXContainerItemProxy */;
		};
/* End PBXTargetDependency section */

/* Begin PBXVariantGroup section */
		183A308E1A5EA7530094A61F /* Main.storyboard */ = {
			isa = PBXVariantGroup;
			children = (
				183A308F1A5EA7530094A61F /* Base */,
			);
			name = Main.storyboard;
			sourceTree = "<group>";
		};
		183A30931A5EA7530094A61F /* LaunchScreen.xib */ = {
			isa = PBXVariantGroup;
			children = (
				183A30941A5EA7530094A61F /* Base */,
			);
			name = LaunchScreen.xib;
			sourceTree = "<group>";
		};
/* End PBXVariantGroup section */

/* Begin XCBuildConfiguration section */
		183A30A21A5EA7530094A61F /* Debug */ = {
			isa = XCBuildConfiguration;
			buildSettings = {
				ALWAYS_SEARCH_USER_PATHS = NO;
				CLANG_CXX_LANGUAGE_STANDARD = "gnu++0x";
				CLANG_CXX_LIBRARY = "libc++";
				CLANG_ENABLE_MODULES = YES;
				CLANG_ENABLE_OBJC_ARC = YES;
				CLANG_WARN_BOOL_CONVERSION = YES;
				CLANG_WARN_CONSTANT_CONVERSION = YES;
				CLANG_WARN_DIRECT_OBJC_ISA_USAGE = YES_ERROR;
				CLANG_WARN_EMPTY_BODY = YES;
				CLANG_WARN_ENUM_CONVERSION = YES;
				CLANG_WARN_INT_CONVERSION = YES;
				CLANG_WARN_OBJC_ROOT_CLASS = YES_ERROR;
				CLANG_WARN_UNREACHABLE_CODE = YES;
				CLANG_WARN__DUPLICATE_METHOD_MATCH = YES;
				"CODE_SIGN_IDENTITY[sdk=iphoneos*]" = "iPhone Developer";
				COPY_PHASE_STRIP = NO;
				ENABLE_STRICT_OBJC_MSGSEND = YES;
				GCC_C_LANGUAGE_STANDARD = gnu99;
				GCC_DYNAMIC_NO_PIC = NO;
				GCC_OPTIMIZATION_LEVEL = 0;
				GCC_PREPROCESSOR_DEFINITIONS = (
					"DEBUG=1",
					"$(inherited)",
				);
				GCC_SYMBOLS_PRIVATE_EXTERN = NO;
				GCC_WARN_64_TO_32_BIT_CONVERSION = YES;
				GCC_WARN_ABOUT_RETURN_TYPE = YES_ERROR;
				GCC_WARN_UNDECLARED_SELECTOR = YES;
				GCC_WARN_UNINITIALIZED_AUTOS = YES_AGGRESSIVE;
				GCC_WARN_UNUSED_FUNCTION = YES;
				GCC_WARN_UNUSED_VARIABLE = YES;
				IPHONEOS_DEPLOYMENT_TARGET = 8.0;
				MTL_ENABLE_DEBUG_INFO = YES;
				ONLY_ACTIVE_ARCH = YES;
				SDKROOT = iphoneos;
			};
			name = Debug;
		};
		183A30A31A5EA7530094A61F /* Release */ = {
			isa = XCBuildConfiguration;
			buildSettings = {
				ALWAYS_SEARCH_USER_PATHS = NO;
				CLANG_CXX_LANGUAGE_STANDARD = "gnu++0x";
				CLANG_CXX_LIBRARY = "libc++";
				CLANG_ENABLE_MODULES = YES;
				CLANG_ENABLE_OBJC_ARC = YES;
				CLANG_WARN_BOOL_CONVERSION = YES;
				CLANG_WARN_CONSTANT_CONVERSION = YES;
				CLANG_WARN_DIRECT_OBJC_ISA_USAGE = YES_ERROR;
				CLANG_WARN_EMPTY_BODY = YES;
				CLANG_WARN_ENUM_CONVERSION = YES;
				CLANG_WARN_INT_CONVERSION = YES;
				CLANG_WARN_OBJC_ROOT_CLASS = YES_ERROR;
				CLANG_WARN_UNREACHABLE_CODE = YES;
				CLANG_WARN__DUPLICATE_METHOD_MATCH = YES;
				"CODE_SIGN_IDENTITY[sdk=iphoneos*]" = "iPhone Developer";
				COPY_PHASE_STRIP = YES;
				ENABLE_NS_ASSERTIONS = NO;
				ENABLE_STRICT_OBJC_MSGSEND = YES;
				GCC_C_LANGUAGE_STANDARD = gnu99;
				GCC_WARN_64_TO_32_BIT_CONVERSION = YES;
				GCC_WARN_ABOUT_RETURN_TYPE = YES_ERROR;
				GCC_WARN_UNDECLARED_SELECTOR = YES;
				GCC_WARN_UNINITIALIZED_AUTOS = YES_AGGRESSIVE;
				GCC_WARN_UNUSED_FUNCTION = YES;
				GCC_WARN_UNUSED_VARIABLE = YES;
				IPHONEOS_DEPLOYMENT_TARGET = 8.0;
				MTL_ENABLE_DEBUG_INFO = NO;
				SDKROOT = iphoneos;
				VALIDATE_PRODUCT = YES;
			};
			name = Release;
		};
		183A30A51A5EA7530094A61F /* Debug */ = {
			isa = XCBuildConfiguration;
			buildSettings = {
				ASSETCATALOG_COMPILER_APPICON_NAME = AppIcon;
				CLANG_ENABLE_OBJC_ARC = YES;
				INFOPLIST_FILE = BlcokDemo/Info.plist;
				LD_RUNPATH_SEARCH_PATHS = "$(inherited) @executable_path/Frameworks";
				PRODUCT_NAME = "$(TARGET_NAME)";
			};
			name = Debug;
		};
		183A30A61A5EA7530094A61F /* Release */ = {
			isa = XCBuildConfiguration;
			buildSettings = {
				ASSETCATALOG_COMPILER_APPICON_NAME = AppIcon;
				CLANG_ENABLE_OBJC_ARC = YES;
				INFOPLIST_FILE = BlcokDemo/Info.plist;
				LD_RUNPATH_SEARCH_PATHS = "$(inherited) @executable_path/Frameworks";
				PRODUCT_NAME = "$(TARGET_NAME)";
			};
			name = Release;
		};
		183A30A81A5EA7530094A61F /* Debug */ = {
			isa = XCBuildConfiguration;
			buildSettings = {
				BUNDLE_LOADER = "$(TEST_HOST)";
				FRAMEWORK_SEARCH_PATHS = (
					"$(SDKROOT)/Developer/Library/Frameworks",
					"$(inherited)",
				);
				GCC_PREPROCESSOR_DEFINITIONS = (
					"DEBUG=1",
					"$(inherited)",
				);
				INFOPLIST_FILE = BlcokDemoTests/Info.plist;
				LD_RUNPATH_SEARCH_PATHS = "$(inherited) @executable_path/Frameworks @loader_path/Frameworks";
				PRODUCT_NAME = "$(TARGET_NAME)";
				TEST_HOST = "$(BUILT_PRODUCTS_DIR)/BlcokDemo.app/BlcokDemo";
			};
			name = Debug;
		};
		183A30A91A5EA7530094A61F /* Release */ = {
			isa = XCBuildConfiguration;
			buildSettings = {
				BUNDLE_LOADER = "$(TEST_HOST)";
				FRAMEWORK_SEARCH_PATHS = (
					"$(SDKROOT)/Developer/Library/Frameworks",
					"$(inherited)",
				);
				INFOPLIST_FILE = BlcokDemoTests/Info.plist;
				LD_RUNPATH_SEARCH_PATHS = "$(inherited) @executable_path/Frameworks @loader_path/Frameworks";
				PRODUCT_NAME = "$(TARGET_NAME)";
				TEST_HOST = "$(BUILT_PRODUCTS_DIR)/BlcokDemo.app/BlcokDemo";
			};
			name = Release;
		};
/* End XCBuildConfiguration section */

/* Begin XCConfigurationList section */
		183A307C1A5EA7530094A61F /* Build configuration list for PBXProject "BlcokDemo" */ = {
			isa = XCConfigurationList;
			buildConfigurations = (
				183A30A21A5EA7530094A61F /* Debug */,
				183A30A31A5EA7530094A61F /* Release */,
			);
			defaultConfigurationIsVisible = 0;
			defaultConfigurationName = Release;
		};
		183A30A41A5EA7530094A61F /* Build configuration list for PBXNativeTarget "BlcokDemo" */ = {
			isa = XCConfigurationList;
			buildConfigurations = (
				183A30A51A5EA7530094A61F /* Debug */,
				183A30A61A5EA7530094A61F /* Release */,
			);
			defaultConfigurationIsVisible = 0;
			defaultConfigurationName = Release;
		};
		183A30A71A5EA7530094A61F /* Build configuration list for PBXNativeTarget "BlcokDemoTests" */ = {
			isa = XCConfigurationList;
			buildConfigurations = (
				183A30A81A5EA7530094A61F /* Debug */,
				183A30A91A5EA7530094A61F /* Release */,
			);
			defaultConfigurationIsVisible = 0;
			defaultConfigurationName = Release;
		};
/* End XCConfigurationList section */
	};
	rootObject = 183A30791A5EA7530094A61F /* Project object */;
}
